<?xml version="1.0"?>
<Project ToolsVersion="4.0" xmlns="http://schemas.microsoft.com/developer/msbuild/2003">
	<ItemGroup>
		<ClCompile Include="src\ofApp.cpp">
			<Filter>src</Filter>
		</ClCompile>
		<ClCompile Include="src\main.cpp">
			<Filter>src</Filter>
		</ClCompile>
		<ClCompile Include="src\main.cpp">
			<Filter>src</Filter>
		</ClCompile>
		<ClCompile Include="src\ofApp.cpp">
			<Filter>src</Filter>
		</ClCompile>
	</ItemGroup>
	<ItemGroup>
		<Filter Include="src">
			<UniqueIdentifier>{d8376475-7454-4a24-b08a-aac121d3ad6f}</UniqueIdentifier>
		</Filter>
		<Filter Include="addons">
			<UniqueIdentifier>{71834F65-F3A9-211E-73B8-DC85}</UniqueIdentifier>
		</Filter>
		<Filter Include="addons\ofxUnityCurve">
			<UniqueIdentifier>{BCC8E108-5F70-639B-C406-4F5D}</UniqueIdentifier>
		</Filter>
		<Filter Include="addons\ofxUnityCurve\src">
			<UniqueIdentifier>{32521CEC-3235-003C-B5F9-8F18}</UniqueIdentifier>
		</Filter>
		<Filter Include="addons\ofxUnityCurve\src\rapidjson">
			<UniqueIdentifier>{62938F3D-807C-99E0-BBE1-AAC0}</UniqueIdentifier>
		</Filter>
		<Filter Include="addons\ofxUnityCurve\src\rapidjson\error">
			<UniqueIdentifier>{57262492-1A16-BEA0-1A9D-C6F7}</UniqueIdentifier>
		</Filter>
		<Filter Include="addons\ofxUnityCurve\src\rapidjson\internal">
			<UniqueIdentifier>{3F167777-571D-D78B-2BF0-EF62}</UniqueIdentifier>
		</Filter>
		<Filter Include="addons\ofxUnityCurve\src\rapidjson\msinttypes">
			<UniqueIdentifier>{8FCBEF3C-AC71-FC2A-B95C-DE6D}</UniqueIdentifier>
		</Filter>
	</ItemGroup>
	<ItemGroup>
		<ClInclude Include="src\ofApp.h">
			<Filter>src</Filter>
		</ClInclude>
		<ClInclude Include="src\ofApp.h">
			<Filter>src</Filter>
		</ClInclude>
		<ClInclude Include="..\..\..\..\addons\ofxUnityCurve\src\ofxUnityCurve.hpp">
			<Filter>addons\ofxUnityCurve\src</Filter>
		</ClInclude>
		<ClInclude Include="..\..\..\..\addons\ofxUnityCurve\src\rapidjson\allocators.h">
			<Filter>addons\ofxUnityCurve\src\rapidjson</Filter>
		</ClInclude>
		<ClInclude Include="..\..\..\..\addons\ofxUnityCurve\src\rapidjson\document.h">
			<Filter>addons\ofxUnityCurve\src\rapidjson</Filter>
		</ClInclude>
		<ClInclude Include="..\..\..\..\addons\ofxUnityCurve\src\rapidjson\encodedstream.h">
			<Filter>addons\ofxUnityCurve\src\rapidjson</Filter>
		</ClInclude>
		<ClInclude Include="..\..\..\..\addons\ofxUnityCurve\src\rapidjson\encodings.h">
			<Filter>addons\ofxUnityCurve\src\rapidjson</Filter>
		</ClInclude>
		<ClInclude Include="..\..\..\..\addons\ofxUnityCurve\src\rapidjson\error\en.h">
			<Filter>addons\ofxUnityCurve\src\rapidjson\error</Filter>
		</ClInclude>
		<ClInclude Include="..\..\..\..\addons\ofxUnityCurve\src\rapidjson\error\error.h">
			<Filter>addons\ofxUnityCurve\src\rapidjson\error</Filter>
		</ClInclude>
		<ClInclude Include="..\..\..\..\addons\ofxUnityCurve\src\rapidjson\filereadstream.h">
			<Filter>addons\ofxUnityCurve\src\rapidjson</Filter>
		</ClInclude>
		<ClInclude Include="..\..\..\..\addons\ofxUnityCurve\src\rapidjson\filewritestream.h">
			<Filter>addons\ofxUnityCurve\src\rapidjson</Filter>
		</ClInclude>
		<ClInclude Include="..\..\..\..\addons\ofxUnityCurve\src\rapidjson\fwd.h">
			<Filter>addons\ofxUnityCurve\src\rapidjson</Filter>
		</ClInclude>
		<ClInclude Include="..\..\..\..\addons\ofxUnityCurve\src\rapidjson\internal\biginteger.h">
			<Filter>addons\ofxUnityCurve\src\rapidjson\internal</Filter>
		</ClInclude>
		<ClInclude Include="..\..\..\..\addons\ofxUnityCurve\src\rapidjson\internal\diyfp.h">
			<Filter>addons\ofxUnityCurve\src\rapidjson\internal</Filter>
		</ClInclude>
		<ClInclude Include="..\..\..\..\addons\ofxUnityCurve\src\rapidjson\internal\dtoa.h">
			<Filter>addons\ofxUnityCurve\src\rapidjson\internal</Filter>
		</ClInclude>
		<ClInclude Include="..\..\..\..\addons\ofxUnityCurve\src\rapidjson\internal\ieee754.h">
			<Filter>addons\ofxUnityCurve\src\rapidjson\internal</Filter>
		</ClInclude>
		<ClInclude Include="..\..\..\..\addons\ofxUnityCurve\src\rapidjson\internal\itoa.h">
			<Filter>addons\ofxUnityCurve\src\rapidjson\internal</Filter>
		</ClInclude>
		<ClInclude Include="..\..\..\..\addons\ofxUnityCurve\src\rapidjson\internal\meta.h">
			<Filter>addons\ofxUnityCurve\src\rapidjson\internal</Filter>
		</ClInclude>
		<ClInclude Include="..\..\..\..\addons\ofxUnityCurve\src\rapidjson\internal\pow10.h">
			<Filter>addons\ofxUnityCurve\src\rapidjson\internal</Filter>
		</ClInclude>
		<ClInclude Include="..\..\..\..\addons\ofxUnityCurve\src\rapidjson\internal\regex.h">
			<Filter>addons\ofxUnityCurve\src\rapidjson\internal</Filter>
		</ClInclude>
		<ClInclude Include="..\..\..\..\addons\ofxUnityCurve\src\rapidjson\internal\stack.h">
			<Filter>addons\ofxUnityCurve\src\rapidjson\internal</Filter>
		</ClInclude>
		<ClInclude Include="..\..\..\..\addons\ofxUnityCurve\src\rapidjson\internal\strfunc.h">
			<Filter>addons\ofxUnityCurve\src\rapidjson\internal</Filter>
		</ClInclude>
		<ClInclude Include="..\..\..\..\addons\ofxUnityCurve\src\rapidjson\internal\strtod.h">
			<Filter>addons\ofxUnityCurve\src\rapidjson\internal</Filter>
		</ClInclude>
		<ClInclude Include="..\..\..\..\addons\ofxUnityCurve\src\rapidjson\internal\swap.h">
			<Filter>addons\ofxUnityCurve\src\rapidjson\internal</Filter>
		</ClInclude>
		<ClInclude Include="..\..\..\..\addons\ofxUnityCurve\src\rapidjson\istreamwrapper.h">
			<Filter>addons\ofxUnityCurve\src\rapidjson</Filter>
		</ClInclude>
		<ClInclude Include="..\..\..\..\addons\ofxUnityCurve\src\rapidjson\memorybuffer.h">
			<Filter>addons\ofxUnityCurve\src\rapidjson</Filter>
		</ClInclude>
		<ClInclude Include="..\..\..\..\addons\ofxUnityCurve\src\rapidjson\memorystream.h">
			<Filter>addons\ofxUnityCurve\src\rapidjson</Filter>
		</ClInclude>
		<ClInclude Include="..\..\..\..\addons\ofxUnityCurve\src\rapidjson\msinttypes\inttypes.h">
			<Filter>addons\ofxUnityCurve\src\rapidjson\msinttypes</Filter>
		</ClInclude>
		<ClInclude Include="..\..\..\..\addons\ofxUnityCurve\src\rapidjson\msinttypes\stdint.h">
			<Filter>addons\ofxUnityCurve\src\rapidjson\msinttypes</Filter>
		</ClInclude>
		<ClInclude Include="..\..\..\..\addons\ofxUnityCurve\src\rapidjson\ostreamwrapper.h">
			<Filter>addons\ofxUnityCurve\src\rapidjson</Filter>
		</ClInclude>
		<ClInclude Include="..\..\..\..\addons\ofxUnityCurve\src\rapidjson\pointer.h">
			<Filter>addons\ofxUnityCurve\src\rapidjson</Filter>
		</ClInclude>
		<ClInclude Include="..\..\..\..\addons\ofxUnityCurve\src\rapidjson\prettywriter.h">
			<Filter>addons\ofxUnityCurve\src\rapidjson</Filter>
		</ClInclude>
		<ClInclude Include="..\..\..\..\addons\ofxUnityCurve\src\rapidjson\rapidjson.h">
			<Filter>addons\ofxUnityCurve\src\rapidjson</Filter>
		</ClInclude>
		<ClInclude Include="..\..\..\..\addons\ofxUnityCurve\src\rapidjson\reader.h">
			<Filter>addons\ofxUnityCurve\src\rapidjson</Filter>
		</ClInclude>
		<ClInclude Include="..\..\..\..\addons\ofxUnityCurve\src\rapidjson\schema.h">
			<Filter>addons\ofxUnityCurve\src\rapidjson</Filter>
		</ClInclude>
		<ClInclude Include="..\..\..\..\addons\ofxUnityCurve\src\rapidjson\stream.h">
			<Filter>addons\ofxUnityCurve\src\rapidjson</Filter>
		</ClInclude>
		<ClInclude Include="..\..\..\..\addons\ofxUnityCurve\src\rapidjson\stringbuffer.h">
			<Filter>addons\ofxUnityCurve\src\rapidjson</Filter>
		</ClInclude>
		<ClInclude Include="..\..\..\..\addons\ofxUnityCurve\src\rapidjson\writer.h">
			<Filter>addons\ofxUnityCurve\src\rapidjson</Filter>
		</ClInclude>
	</ItemGroup>
	<ItemGroup>
		<ResourceCompile Include="icon.rc" />
	</ItemGroup>
</Project>
